
Microsoft Visual Studio Solution File, Format Version 12.00
# Visual Studio 14
VisualStudioVersion = 14.0.25420.1
MinimumVisualStudioVersion = 10.0.40219.1
Project("{FAE04EC0-301F-11D3-BF4B-00C04F79EFBC}") = "FBCRMClasses", "FBCRMClasses\FBCRMClasses.csproj", "{333D310B-41BD-4D5E-BEB9-8A4ED25DA126}"
EndProject
Project("{FAE04EC0-301F-11D3-BF4B-00C04F79EFBC}") = "FB_CRM_Lib", "FB_CRM_Lib\FB_CRM_Lib.csproj", "{F025AF73-5C47-469F-9998-4596A03FCDE9}"
EndProject
Global
	GlobalSection(SolutionConfigurationPlatforms) = preSolution
		Debug|Any CPU = Debug|Any CPU
		Release|Any CPU = Release|Any CPU
	EndGlobalSection
	GlobalSection(ProjectConfigurationPlatforms) = postSolution
		{333D310B-41BD-4D5E-BEB9-8A4ED25DA126}.Debug|Any CPU.ActiveCfg = Debug|Any CPU
		{333D310B-41BD-4D5E-BEB9-8A4ED25DA126}.Debug|Any CPU.Build.0 = Debug|Any CPU
		{333D310B-41BD-4D5E-BEB9-8A4ED25DA126}.Release|Any CPU.ActiveCfg = Release|Any CPU
		{333D310B-41BD-4D5E-BEB9-8A4ED25DA126}.Release|Any CPU.Build.0 = Release|Any CPU
		{F025AF73-5C47-469F-9998-4596A03FCDE9}.Debug|Any CPU.ActiveCfg = Debug|Any CPU
		{F025AF73-5C47-469F-9998-4596A03FCDE9}.Debug|Any CPU.Build.0 = Debug|Any CPU
		{F025AF73-5C47-469F-9998-4596A03FCDE9}.Release|Any CPU.ActiveCfg = Release|Any CPU
		{F025AF73-5C47-469F-9998-4596A03FCDE9}.Release|Any CPU.Build.0 = Release|Any CPU
	EndGlobalSection
	GlobalSection(SolutionProperties) = preSolution
		HideSolutionNode = FALSE
	EndGlobalSection
EndGlobal
